
Microsoft Visual Studio Solution File, Format Version 12.00
# Visual Studio Version 17
VisualStudioVersion = 17.13.35913.81 d17.13
MinimumVisualStudioVersion = 10.0.40219.1
Project("{FAE04EC0-301F-11D3-BF4B-00C04F79EFBC}") = "zad 1", "zad 1\zad 1.csproj", "{41FF0F8F-297A-4017-9F9D-98390072772D}"
EndProject
Project("{FAE04EC0-301F-11D3-BF4B-00C04F79EFBC}") = "zad 2", "zad 2\zad 2.csproj", "{E8FFC32A-4EE6-4EE9-ABBE-F1FD35C49865}"
EndProject
Global
	GlobalSection(SolutionConfigurationPlatforms) = preSolution
		Debug|Any CPU = Debug|Any CPU
		Release|Any CPU = Release|Any CPU
	EndGlobalSection
	GlobalSection(ProjectConfigurationPlatforms) = postSolution
		{41FF0F8F-297A-4017-9F9D-98390072772D}.Debug|Any CPU.ActiveCfg = Debug|Any CPU
		{41FF0F8F-297A-4017-9F9D-98390072772D}.Debug|Any CPU.Build.0 = Debug|Any CPU
		{41FF0F8F-297A-4017-9F9D-98390072772D}.Release|Any CPU.ActiveCfg = Release|Any CPU
		{41FF0F8F-297A-4017-9F9D-98390072772D}.Release|Any CPU.Build.0 = Release|Any CPU
		{E8FFC32A-4EE6-4EE9-ABBE-F1FD35C49865}.Debug|Any CPU.ActiveCfg = Debug|Any CPU
		{E8FFC32A-4EE6-4EE9-ABBE-F1FD35C49865}.Debug|Any CPU.Build.0 = Debug|Any CPU
		{E8FFC32A-4EE6-4EE9-ABBE-F1FD35C49865}.Release|Any CPU.ActiveCfg = Release|Any CPU
		{E8FFC32A-4EE6-4EE9-ABBE-F1FD35C49865}.Release|Any CPU.Build.0 = Release|Any CPU
	EndGlobalSection
	GlobalSection(SolutionProperties) = preSolution
		HideSolutionNode = FALSE
	EndGlobalSection
	GlobalSection(ExtensibilityGlobals) = postSolution
		SolutionGuid = {02344068-6DD0-4C33-AA6D-B56D25B3BD9B}
	EndGlobalSection
EndGlobal
