
Microsoft Visual Studio Solution File, Format Version 12.00
# Visual Studio Version 17
VisualStudioVersion = 17.13.35913.81
MinimumVisualStudioVersion = 10.0.40219.1
Project("{FAE04EC0-301F-11D3-BF4B-00C04F79EFBC}") = "zad 2", "zad 2\zad 2.csproj", "{D6C5B679-A0FF-D0F8-F0F9-2B5C4DDCDEBA}"
EndProject
Project("{FAE04EC0-301F-11D3-BF4B-00C04F79EFBC}") = "zad 1", "zad 1\zad 1.csproj", "{CF42648E-EC0C-FCFE-0EE3-6CC5FA356FD2}"
EndProject
Project("{FAE04EC0-301F-11D3-BF4B-00C04F79EFBC}") = "zad 3", "zad 3\zad 3.csproj", "{161AEC45-5F25-44BD-862C-260BE31C8BE7}"
EndProject
Project("{FAE04EC0-301F-11D3-BF4B-00C04F79EFBC}") = "zad 4", "zad 4\zad 4.csproj", "{50A0B13F-0312-49D2-B6BA-E5AA634C6DE9}"
EndProject
Project("{FAE04EC0-301F-11D3-BF4B-00C04F79EFBC}") = "zad 1 (zadacha za ocenka)", "zad 1 (zadacha za ocenka)\zad 1 (zadacha za ocenka).csproj", "{7CA2249A-A7DD-46DB-B0FF-FA13B58B7EA1}"
EndProject
Project("{FAE04EC0-301F-11D3-BF4B-00C04F79EFBC}") = "zad 2 (zadacha za ocenka)", "zad 2 (zadacha za ocenka)\zad 2 (zadacha za ocenka).csproj", "{A345949D-D6D4-405A-A61E-A83A0ACCF1AB}"
EndProject
Project("{FAE04EC0-301F-11D3-BF4B-00C04F79EFBC}") = "zad 3 (zad za ocenka)", "zad 3 (zad za ocenka)\zad 3 (zad za ocenka).csproj", "{FBB8BADA-CEFA-4DCC-AE3C-DB7642631962}"
EndProject
Project("{FAE04EC0-301F-11D3-BF4B-00C04F79EFBC}") = "zad 4 (zad za ocenka)", "zad 4 (zad za ocenka)\zad 4 (zad za ocenka).csproj", "{33BF8746-6879-4D22-9DD3-8CA28F26FB3A}"
EndProject
Project("{FAE04EC0-301F-11D3-BF4B-00C04F79EFBC}") = "zad 6 (zad za ocenka)", "zad 6 (zad za ocenka)\zad 6 (zad za ocenka).csproj", "{76C93A8B-4162-4C98-B283-7887CB25E7F4}"
EndProject
Global
	GlobalSection(SolutionConfigurationPlatforms) = preSolution
		Debug|Any CPU = Debug|Any CPU
		Release|Any CPU = Release|Any CPU
	EndGlobalSection
	GlobalSection(ProjectConfigurationPlatforms) = postSolution
		{D6C5B679-A0FF-D0F8-F0F9-2B5C4DDCDEBA}.Debug|Any CPU.ActiveCfg = Debug|Any CPU
		{D6C5B679-A0FF-D0F8-F0F9-2B5C4DDCDEBA}.Debug|Any CPU.Build.0 = Debug|Any CPU
		{D6C5B679-A0FF-D0F8-F0F9-2B5C4DDCDEBA}.Release|Any CPU.ActiveCfg = Release|Any CPU
		{D6C5B679-A0FF-D0F8-F0F9-2B5C4DDCDEBA}.Release|Any CPU.Build.0 = Release|Any CPU
		{CF42648E-EC0C-FCFE-0EE3-6CC5FA356FD2}.Debug|Any CPU.ActiveCfg = Debug|Any CPU
		{CF42648E-EC0C-FCFE-0EE3-6CC5FA356FD2}.Debug|Any CPU.Build.0 = Debug|Any CPU
		{CF42648E-EC0C-FCFE-0EE3-6CC5FA356FD2}.Release|Any CPU.ActiveCfg = Release|Any CPU
		{CF42648E-EC0C-FCFE-0EE3-6CC5FA356FD2}.Release|Any CPU.Build.0 = Release|Any CPU
		{161AEC45-5F25-44BD-862C-260BE31C8BE7}.Debug|Any CPU.ActiveCfg = Debug|Any CPU
		{161AEC45-5F25-44BD-862C-260BE31C8BE7}.Debug|Any CPU.Build.0 = Debug|Any CPU
		{161AEC45-5F25-44BD-862C-260BE31C8BE7}.Release|Any CPU.ActiveCfg = Release|Any CPU
		{161AEC45-5F25-44BD-862C-260BE31C8BE7}.Release|Any CPU.Build.0 = Release|Any CPU
		{50A0B13F-0312-49D2-B6BA-E5AA634C6DE9}.Debug|Any CPU.ActiveCfg = Debug|Any CPU
		{50A0B13F-0312-49D2-B6BA-E5AA634C6DE9}.Debug|Any CPU.Build.0 = Debug|Any CPU
		{50A0B13F-0312-49D2-B6BA-E5AA634C6DE9}.Release|Any CPU.ActiveCfg = Release|Any CPU
		{50A0B13F-0312-49D2-B6BA-E5AA634C6DE9}.Release|Any CPU.Build.0 = Release|Any CPU
		{7CA2249A-A7DD-46DB-B0FF-FA13B58B7EA1}.Debug|Any CPU.ActiveCfg = Debug|Any CPU
		{7CA2249A-A7DD-46DB-B0FF-FA13B58B7EA1}.Debug|Any CPU.Build.0 = Debug|Any CPU
		{7CA2249A-A7DD-46DB-B0FF-FA13B58B7EA1}.Release|Any CPU.ActiveCfg = Release|Any CPU
		{7CA2249A-A7DD-46DB-B0FF-FA13B58B7EA1}.Release|Any CPU.Build.0 = Release|Any CPU
		{A345949D-D6D4-405A-A61E-A83A0ACCF1AB}.Debug|Any CPU.ActiveCfg = Debug|Any CPU
		{A345949D-D6D4-405A-A61E-A83A0ACCF1AB}.Debug|Any CPU.Build.0 = Debug|Any CPU
		{A345949D-D6D4-405A-A61E-A83A0ACCF1AB}.Release|Any CPU.ActiveCfg = Release|Any CPU
		{A345949D-D6D4-405A-A61E-A83A0ACCF1AB}.Release|Any CPU.Build.0 = Release|Any CPU
		{FBB8BADA-CEFA-4DCC-AE3C-DB7642631962}.Debug|Any CPU.ActiveCfg = Debug|Any CPU
		{FBB8BADA-CEFA-4DCC-AE3C-DB7642631962}.Debug|Any CPU.Build.0 = Debug|Any CPU
		{FBB8BADA-CEFA-4DCC-AE3C-DB7642631962}.Release|Any CPU.ActiveCfg = Release|Any CPU
		{FBB8BADA-CEFA-4DCC-AE3C-DB7642631962}.Release|Any CPU.Build.0 = Release|Any CPU
		{33BF8746-6879-4D22-9DD3-8CA28F26FB3A}.Debug|Any CPU.ActiveCfg = Debug|Any CPU
		{33BF8746-6879-4D22-9DD3-8CA28F26FB3A}.Debug|Any CPU.Build.0 = Debug|Any CPU
		{33BF8746-6879-4D22-9DD3-8CA28F26FB3A}.Release|Any CPU.ActiveCfg = Release|Any CPU
		{33BF8746-6879-4D22-9DD3-8CA28F26FB3A}.Release|Any CPU.Build.0 = Release|Any CPU
		{76C93A8B-4162-4C98-B283-7887CB25E7F4}.Debug|Any CPU.ActiveCfg = Debug|Any CPU
		{76C93A8B-4162-4C98-B283-7887CB25E7F4}.Debug|Any CPU.Build.0 = Debug|Any CPU
		{76C93A8B-4162-4C98-B283-7887CB25E7F4}.Release|Any CPU.ActiveCfg = Release|Any CPU
		{76C93A8B-4162-4C98-B283-7887CB25E7F4}.Release|Any CPU.Build.0 = Release|Any CPU
	EndGlobalSection
	GlobalSection(SolutionProperties) = preSolution
		HideSolutionNode = FALSE
	EndGlobalSection
	GlobalSection(ExtensibilityGlobals) = postSolution
		SolutionGuid = {02344068-6DD0-4C33-AA6D-B56D25B3BD9B}
	EndGlobalSection
EndGlobal
